
Microsoft Visual Studio Solution File, Format Version 12.00
# Visual Studio 14
VisualStudioVersion = 14.0.24720.0
MinimumVisualStudioVersion = 10.0.40219.1
Project("{2150E333-8FDC-42A3-9474-1A3956D46DE8}") = "src", "src", "{681A5AA1-6796-47E3-A910-B4B6750035E9}"
EndProject
Project("{2150E333-8FDC-42A3-9474-1A3956D46DE8}") = "Solution Items", "Solution Items", "{97FBAC12-38CC-49B1-8414-855B25A350E6}"
	ProjectSection(SolutionItems) = preProject
		global.json = global.json
	EndProjectSection
EndProject
Project("{8BB2217D-0F2D-49D1-97BC-3654ED321F3B}") = "TOUR OF HEROES", "src\TOUR OF HEROES\TOUR OF HEROES.xproj", "{85144190-9474-49CF-A501-7AE0BB80C749}"
EndProject
Global
	GlobalSection(SolutionConfigurationPlatforms) = preSolution
		Debug|Any CPU = Debug|Any CPU
		Release|Any CPU = Release|Any CPU
	EndGlobalSection
	GlobalSection(ProjectConfigurationPlatforms) = postSolution
		{85144190-9474-49CF-A501-7AE0BB80C749}.Debug|Any CPU.ActiveCfg = Debug|Any CPU
		{85144190-9474-49CF-A501-7AE0BB80C749}.Debug|Any CPU.Build.0 = Debug|Any CPU
		{85144190-9474-49CF-A501-7AE0BB80C749}.Release|Any CPU.ActiveCfg = Release|Any CPU
		{85144190-9474-49CF-A501-7AE0BB80C749}.Release|Any CPU.Build.0 = Release|Any CPU
	EndGlobalSection
	GlobalSection(SolutionProperties) = preSolution
		HideSolutionNode = FALSE
	EndGlobalSection
	GlobalSection(NestedProjects) = preSolution
		{85144190-9474-49CF-A501-7AE0BB80C749} = {681A5AA1-6796-47E3-A910-B4B6750035E9}
	EndGlobalSection
EndGlobal
